
Microsoft Visual Studio Solution File, Format Version 12.00
# Visual Studio Version 16
VisualStudioVersion = 16.0.31515.178
MinimumVisualStudioVersion = 10.0.40219.1
Project("{FAE04EC0-301F-11D3-BF4B-00C04F79EFBC}") = "OutReference", "OutReference.csproj", "{426F496A-1BF5-4AB6-B53B-41332A52921E}"
EndProject
Global
	GlobalSection(SolutionConfigurationPlatforms) = preSolution
		Debug|Any CPU = Debug|Any CPU
		Release|Any CPU = Release|Any CPU
	EndGlobalSection
	GlobalSection(ProjectConfigurationPlatforms) = postSolution
		{426F496A-1BF5-4AB6-B53B-41332A52921E}.Debug|Any CPU.ActiveCfg = Debug|Any CPU
		{426F496A-1BF5-4AB6-B53B-41332A52921E}.Debug|Any CPU.Build.0 = Debug|Any CPU
		{426F496A-1BF5-4AB6-B53B-41332A52921E}.Release|Any CPU.ActiveCfg = Release|Any CPU
		{426F496A-1BF5-4AB6-B53B-41332A52921E}.Release|Any CPU.Build.0 = Release|Any CPU
	EndGlobalSection
	GlobalSection(SolutionProperties) = preSolution
		HideSolutionNode = FALSE
	EndGlobalSection
	GlobalSection(ExtensibilityGlobals) = postSolution
		SolutionGuid = {4A9B1ACF-6B20-45A7-9D12-15A98AC12DDF}
	EndGlobalSection
EndGlobal
