
Microsoft Visual Studio Solution File, Format Version 12.00
# Visual Studio Version 16
VisualStudioVersion = 16.0.31424.327
MinimumVisualStudioVersion = 10.0.40219.1
Project("{FAE04EC0-301F-11D3-BF4B-00C04F79EFBC}") = "GeometryTool", "GeometryTool.csproj", "{01D77077-4818-483F-A111-F75F1EBC054D}"
EndProject
Global
	GlobalSection(SolutionConfigurationPlatforms) = preSolution
		Debug|Any CPU = Debug|Any CPU
		Release|Any CPU = Release|Any CPU
	EndGlobalSection
	GlobalSection(ProjectConfigurationPlatforms) = postSolution
		{01D77077-4818-483F-A111-F75F1EBC054D}.Debug|Any CPU.ActiveCfg = Debug|Any CPU
		{01D77077-4818-483F-A111-F75F1EBC054D}.Debug|Any CPU.Build.0 = Debug|Any CPU
		{01D77077-4818-483F-A111-F75F1EBC054D}.Release|Any CPU.ActiveCfg = Release|Any CPU
		{01D77077-4818-483F-A111-F75F1EBC054D}.Release|Any CPU.Build.0 = Release|Any CPU
	EndGlobalSection
	GlobalSection(SolutionProperties) = preSolution
		HideSolutionNode = FALSE
	EndGlobalSection
	GlobalSection(ExtensibilityGlobals) = postSolution
		SolutionGuid = {EDD0B14A-B697-42AC-B66E-8F4AD8A696AE}
	EndGlobalSection
EndGlobal
